// !$*UTF8*$!
{
	archiveVersion = 1;
	classes = {
	};
	objectVersion = 46;
	objects = {

/* Begin PBXBuildFile section */
		AD47E08A221478F2007A5C94 /* GameOver.m in Sources */ = {isa = PBXBuildFile; fileRef = AD47E089221478F2007A5C94 /* GameOver.m */; };
		AD8BB0DE220B7C3600D2C314 /* main.m in Sources */ = {isa = PBXBuildFile; fileRef = AD8BB0DD220B7C3600D2C314 /* main.m */; };
		AD8BB0E1220B7C3600D2C314 /* AppDelegate.m in Sources */ = {isa = PBXBuildFile; fileRef = AD8BB0E0220B7C3600D2C314 /* AppDelegate.m */; };
		AD8BB0E3220B7C3600D2C314 /* GameScene.sks in Resources */ = {isa = PBXBuildFile; fileRef = AD8BB0E2220B7C3600D2C314 /* GameScene.sks */; };
		AD8BB0E5220B7C3600D2C314 /* Actions.sks in Resources */ = {isa = PBXBuildFile; fileRef = AD8BB0E4220B7C3600D2C314 /* Actions.sks */; };
		AD8BB0E8220B7C3600D2C314 /* GameScene.m in Sources */ = {isa = PBXBuildFile; fileRef = AD8BB0E7220B7C3600D2C314 /* GameScene.m */; };
		AD8BB0EB220B7C3600D2C314 /* GameViewController.m in Sources */ = {isa = PBXBuildFile; fileRef = AD8BB0EA220B7C3600D2C314 /* GameViewController.m */; };
		AD8BB0EE220B7C3600D2C314 /* Main.storyboard in Resources */ = {isa = PBXBuildFile; fileRef = AD8BB0EC220B7C3600D2C314 /* Main.storyboard */; };
		AD8BB0F0220B7C3600D2C314 /* Assets.xcassets in Resources */ = {isa = PBXBuildFile; fileRef = AD8BB0EF220B7C3600D2C314 /* Assets.xcassets */; };
		AD8BB0F3220B7C3600D2C314 /* LaunchScreen.storyboard in Resources */ = {isa = PBXBuildFile; fileRef = AD8BB0F1220B7C3600D2C314 /* LaunchScreen.storyboard */; };
		AD8BB0FE220B7C3700D2C314 /* _048Tests.m in Sources */ = {isa = PBXBuildFile; fileRef = AD8BB0FD220B7C3700D2C314 /* _048Tests.m */; };
		AD8BB109220B7C3700D2C314 /* _048UITests.m in Sources */ = {isa = PBXBuildFile; fileRef = AD8BB108220B7C3700D2C314 /* _048UITests.m */; };
		ADA2BF9722131D180098BDA1 /* GameOver.sks in Resources */ = {isa = PBXBuildFile; fileRef = ADA2BF9622131D180098BDA1 /* GameOver.sks */; };
/* End PBXBuildFile section */

/* Begin PBXContainerItemProxy section */
		AD8BB0FA220B7C3700D2C314 /* PBXContainerItemProxy */ = {
			isa = PBXContainerItemProxy;
			containerPortal = AD8BB0D1220B7C3600D2C314 /* Project object */;
			proxyType = 1;
			remoteGlobalIDString = AD8BB0D8220B7C3600D2C314;
			remoteInfo = 2048;
		};
		AD8BB105220B7C3700D2C314 /* PBXContainerItemProxy */ = {
			isa = PBXContainerItemProxy;
			containerPortal = AD8BB0D1220B7C3600D2C314 /* Project object */;
			proxyType = 1;
			remoteGlobalIDString = AD8BB0D8220B7C3600D2C314;
			remoteInfo = 2048;
		};
/* End PBXContainerItemProxy section */

/* Begin PBXFileReference section */
		AD47E088221478E8007A5C94 /* GameOver.h */ = {isa = PBXFileReference; lastKnownFileType = sourcecode.c.h; path = GameOver.h; sourceTree = "<group>"; };
		AD47E089221478F2007A5C94 /* GameOver.m */ = {isa = PBXFileReference; fileEncoding = 4; lastKnownFileType = sourcecode.c.objc; path = GameOver.m; sourceTree = "<group>"; };
		AD8BB0D9220B7C3600D2C314 /* 2048.app */ = {isa = PBXFileReference; explicitFileType = wrapper.application; includeInIndex = 0; path = 2048.app; sourceTree = BUILT_PRODUCTS_DIR; };
		AD8BB0DD220B7C3600D2C314 /* main.m */ = {isa = PBXFileReference; lastKnownFileType = sourcecode.c.objc; path = main.m; sourceTree = "<group>"; };
		AD8BB0DF220B7C3600D2C314 /* AppDelegate.h */ = {isa = PBXFileReference; lastKnownFileType = sourcecode.c.h; path = AppDelegate.h; sourceTree = "<group>"; };
		AD8BB0E0220B7C3600D2C314 /* AppDelegate.m */ = {isa = PBXFileReference; lastKnownFileType = sourcecode.c.objc; path = AppDelegate.m; sourceTree = "<group>"; };
		AD8BB0E2220B7C3600D2C314 /* GameScene.sks */ = {isa = PBXFileReference; lastKnownFileType = file.sks; path = GameScene.sks; sourceTree = "<group>"; };
		AD8BB0E4220B7C3600D2C314 /* Actions.sks */ = {isa = PBXFileReference; lastKnownFileType = file.sks; path = Actions.sks; sourceTree = "<group>"; };
		AD8BB0E6220B7C3600D2C314 /* GameScene.h */ = {isa = PBXFileReference; lastKnownFileType = sourcecode.c.h; path = GameScene.h; sourceTree = "<group>"; };
		AD8BB0E7220B7C3600D2C314 /* GameScene.m */ = {isa = PBXFileReference; lastKnownFileType = sourcecode.c.objc; path = GameScene.m; sourceTree = "<group>"; };
		AD8BB0E9220B7C3600D2C314 /* GameViewController.h */ = {isa = PBXFileReference; lastKnownFileType = sourcecode.c.h; path = GameViewController.h; sourceTree = "<group>"; };
		AD8BB0EA220B7C3600D2C314 /* GameViewController.m */ = {isa = PBXFileReference; lastKnownFileType = sourcecode.c.objc; path = GameViewController.m; sourceTree = "<group>"; };
		AD8BB0ED220B7C3600D2C314 /* Base */ = {isa = PBXFileReference; lastKnownFileType = file.storyboard; name = Base; path = Base.lproj/Main.storyboard; sourceTree = "<group>"; };
		AD8BB0EF220B7C3600D2C314 /* Assets.xcassets */ = {isa = PBXFileReference; lastKnownFileType = folder.assetcatalog; path = Assets.xcassets; sourceTree = "<group>"; };
		AD8BB0F2220B7C3600D2C314 /* Base */ = {isa = PBXFileReference; lastKnownFileType = file.storyboard; name = Base; path = Base.lproj/LaunchScreen.storyboard; sourceTree = "<group>"; };
		AD8BB0F4220B7C3600D2C314 /* Info.plist */ = {isa = PBXFileReference; lastKnownFileType = text.plist.xml; path = Info.plist; sourceTree = "<group>"; };
		AD8BB0F9220B7C3700D2C314 /* 2048Tests.xctest */ = {isa = PBXFileReference; explicitFileType = wrapper.cfbundle; includeInIndex = 0; path = 2048Tests.xctest; sourceTree = BUILT_PRODUCTS_DIR; };
		AD8BB0FD220B7C3700D2C314 /* _048Tests.m */ = {isa = PBXFileReference; lastKnownFileType = sourcecode.c.objc; path = _048Tests.m; sourceTree = "<group>"; };
		AD8BB0FF220B7C3700D2C314 /* Info.plist */ = {isa = PBXFileReference; lastKnownFileType = text.plist.xml; path = Info.plist; sourceTree = "<group>"; };
		AD8BB104220B7C3700D2C314 /* 2048UITests.xctest */ = {isa = PBXFileReference; explicitFileType = wrapper.cfbundle; includeInIndex = 0; path = 2048UITests.xctest; sourceTree = BUILT_PRODUCTS_DIR; };
		AD8BB108220B7C3700D2C314 /* _048UITests.m */ = {isa = PBXFileReference; lastKnownFileType = sourcecode.c.objc; path = _048UITests.m; sourceTree = "<group>"; };
		AD8BB10A220B7C3700D2C314 /* Info.plist */ = {isa = PBXFileReference; lastKnownFileType = text.plist.xml; path = Info.plist; sourceTree = "<group>"; };
		ADA2BF9622131D180098BDA1 /* GameOver.sks */ = {isa = PBXFileReference; lastKnownFileType = file.sks; path = GameOver.sks; sourceTree = "<group>"; };
/* End PBXFileReference section */

/* Begin PBXFrameworksBuildPhase section */
		AD8BB0D6220B7C3600D2C314 /* Frameworks */ = {
			isa = PBXFrameworksBuildPhase;
			buildActionMask = 2147483647;
			files = (
			);
			runOnlyForDeploymentPostprocessing = 0;
		};
		AD8BB0F6220B7C3700D2C314 /* Frameworks */ = {
			isa = PBXFrameworksBuildPhase;
			buildActionMask = 2147483647;
			files = (
			);
			runOnlyForDeploymentPostprocessing = 0;
		};
		AD8BB101220B7C3700D2C314 /* Frameworks */ = {
			isa = PBXFrameworksBuildPhase;
			buildActionMask = 2147483647;
			files = (
			);
			runOnlyForDeploymentPostprocessing = 0;
		};
/* End PBXFrameworksBuildPhase section */

/* Begin PBXGroup section */
		AD8BB0D0220B7C3600D2C314 = {
			isa = PBXGroup;
			children = (
				AD8BB0DB220B7C3600D2C314 /* 2048 */,
				AD8BB0FC220B7C3700D2C314 /* 2048Tests */,
				AD8BB107220B7C3700D2C314 /* 2048UITests */,
				AD8BB0DA220B7C3600D2C314 /* Products */,
			);
			sourceTree = "<group>";
		};
		AD8BB0DA220B7C3600D2C314 /* Products */ = {
			isa = PBXGroup;
			children = (
				AD8BB0D9220B7C3600D2C314 /* 2048.app */,
				AD8BB0F9220B7C3700D2C314 /* 2048Tests.xctest */,
				AD8BB104220B7C3700D2C314 /* 2048UITests.xctest */,
			);
			name = Products;
			sourceTree = "<group>";
		};
		AD8BB0DB220B7C3600D2C314 /* 2048 */ = {
			isa = PBXGroup;
			children = (
				AD8BB0DF220B7C3600D2C314 /* AppDelegate.h */,
				AD8BB0E0220B7C3600D2C314 /* AppDelegate.m */,
				AD8BB0E4220B7C3600D2C314 /* Actions.sks */,
				AD8BB0E2220B7C3600D2C314 /* GameScene.sks */,
				AD8BB0E6220B7C3600D2C314 /* GameScene.h */,
				AD8BB0E7220B7C3600D2C314 /* GameScene.m */,
				ADA2BF9622131D180098BDA1 /* GameOver.sks */,
				AD47E088221478E8007A5C94 /* GameOver.h */,
				AD47E089221478F2007A5C94 /* GameOver.m */,
				AD8BB0E9220B7C3600D2C314 /* GameViewController.h */,
				AD8BB0EA220B7C3600D2C314 /* GameViewController.m */,
				AD8BB0EC220B7C3600D2C314 /* Main.storyboard */,
				AD8BB0EF220B7C3600D2C314 /* Assets.xcassets */,
				AD8BB0F1220B7C3600D2C314 /* LaunchScreen.storyboard */,
				AD8BB0F4220B7C3600D2C314 /* Info.plist */,
				AD8BB0DC220B7C3600D2C314 /* Supporting Files */,
			);
			path = 2048;
			sourceTree = "<group>";
		};
		AD8BB0DC220B7C3600D2C314 /* Supporting Files */ = {
			isa = PBXGroup;
			children = (
				AD8BB0DD220B7C3600D2C314 /* main.m */,
			);
			name = "Supporting Files";
			sourceTree = "<group>";
		};
		AD8BB0FC220B7C3700D2C314 /* 2048Tests */ = {
			isa = PBXGroup;
			children = (
				AD8BB0FD220B7C3700D2C314 /* _048Tests.m */,
				AD8BB0FF220B7C3700D2C314 /* Info.plist */,
			);
			path = 2048Tests;
			sourceTree = "<group>";
		};
		AD8BB107220B7C3700D2C314 /* 2048UITests */ = {
			isa = PBXGroup;
			children = (
				AD8BB108220B7C3700D2C314 /* _048UITests.m */,
				AD8BB10A220B7C3700D2C314 /* Info.plist */,
			);
			path = 2048UITests;
			sourceTree = "<group>";
		};
/* End PBXGroup section */

/* Begin PBXNativeTarget section */
		AD8BB0D8220B7C3600D2C314 /* 2048 */ = {
			isa = PBXNativeTarget;
			buildConfigurationList = AD8BB10D220B7C3700D2C314 /* Build configuration list for PBXNativeTarget "2048" */;
			buildPhases = (
				AD8BB0D5220B7C3600D2C314 /* Sources */,
				AD8BB0D6220B7C3600D2C314 /* Frameworks */,
				AD8BB0D7220B7C3600D2C314 /* Resources */,
			);
			buildRules = (
			);
			dependencies = (
			);
			name = 2048;
			productName = 2048;
			productReference = AD8BB0D9220B7C3600D2C314 /* 2048.app */;
			productType = "com.apple.product-type.application";
		};
		AD8BB0F8220B7C3700D2C314 /* 2048Tests */ = {
			isa = PBXNativeTarget;
			buildConfigurationList = AD8BB110220B7C3700D2C314 /* Build configuration list for PBXNativeTarget "2048Tests" */;
			buildPhases = (
				AD8BB0F5220B7C3700D2C314 /* Sources */,
				AD8BB0F6220B7C3700D2C314 /* Frameworks */,
				AD8BB0F7220B7C3700D2C314 /* Resources */,
			);
			buildRules = (
			);
			dependencies = (
				AD8BB0FB220B7C3700D2C314 /* PBXTargetDependency */,
			);
			name = 2048Tests;
			productName = 2048Tests;
			productReference = AD8BB0F9220B7C3700D2C314 /* 2048Tests.xctest */;
			productType = "com.apple.product-type.bundle.unit-test";
		};
		AD8BB103220B7C3700D2C314 /* 2048UITests */ = {
			isa = PBXNativeTarget;
			buildConfigurationList = AD8BB113220B7C3700D2C314 /* Build configuration list for PBXNativeTarget "2048UITests" */;
			buildPhases = (
				AD8BB100220B7C3700D2C314 /* Sources */,
				AD8BB101220B7C3700D2C314 /* Frameworks */,
				AD8BB102220B7C3700D2C314 /* Resources */,
			);
			buildRules = (
			);
			dependencies = (
				AD8BB106220B7C3700D2C314 /* PBXTargetDependency */,
			);
			name = 2048UITests;
			productName = 2048UITests;
			productReference = AD8BB104220B7C3700D2C314 /* 2048UITests.xctest */;
			productType = "com.apple.product-type.bundle.ui-testing";
		};
/* End PBXNativeTarget section */

/* Begin PBXProject section */
		AD8BB0D1220B7C3600D2C314 /* Project object */ = {
			isa = PBXProject;
			attributes = {
				LastUpgradeCheck = 0820;
				ORGANIZATIONNAME = "Marc Shelton";
				TargetAttributes = {
					AD8BB0D8220B7C3600D2C314 = {
						CreatedOnToolsVersion = 8.2.1;
						ProvisioningStyle = Automatic;
					};
					AD8BB0F8220B7C3700D2C314 = {
						CreatedOnToolsVersion = 8.2.1;
						ProvisioningStyle = Automatic;
						TestTargetID = AD8BB0D8220B7C3600D2C314;
					};
					AD8BB103220B7C3700D2C314 = {
						CreatedOnToolsVersion = 8.2.1;
						ProvisioningStyle = Automatic;
						TestTargetID = AD8BB0D8220B7C3600D2C314;
					};
				};
			};
			buildConfigurationList = AD8BB0D4220B7C3600D2C314 /* Build configuration list for PBXProject "2048" */;
			compatibilityVersion = "Xcode 3.2";
			developmentRegion = English;
			hasScannedForEncodings = 0;
			knownRegions = (
				en,
				Base,
			);
			mainGroup = AD8BB0D0220B7C3600D2C314;
			productRefGroup = AD8BB0DA220B7C3600D2C314 /* Products */;
			projectDirPath = "";
			projectRoot = "";
			targets = (
				AD8BB0D8220B7C3600D2C314 /* 2048 */,
				AD8BB0F8220B7C3700D2C314 /* 2048Tests */,
				AD8BB103220B7C3700D2C314 /* 2048UITests */,
			);
		};
/* End PBXProject section */

/* Begin PBXResourcesBuildPhase section */
		AD8BB0D7220B7C3600D2C314 /* Resources */ = {
			isa = PBXResourcesBuildPhase;
			buildActionMask = 2147483647;
			files = (
				AD8BB0EE220B7C3600D2C314 /* Main.storyboard in Resources */,
				ADA2BF9722131D180098BDA1 /* GameOver.sks in Resources */,
				AD8BB0E3220B7C3600D2C314 /* GameScene.sks in Resources */,
				AD8BB0F0220B7C3600D2C314 /* Assets.xcassets in Resources */,
				AD8BB0F3220B7C3600D2C314 /* LaunchScreen.storyboard in Resources */,
				AD8BB0E5220B7C3600D2C314 /* Actions.sks in Resources */,
			);
			runOnlyForDeploymentPostprocessing = 0;
		};
		AD8BB0F7220B7C3700D2C314 /* Resources */ = {
			isa = PBXResourcesBuildPhase;
			buildActionMask = 2147483647;
			files = (
			);
			runOnlyForDeploymentPostprocessing = 0;
		};
		AD8BB102220B7C3700D2C314 /* Resources */ = {
			isa = PBXResourcesBuildPhase;
			buildActionMask = 2147483647;
			files = (
			);
			runOnlyForDeploymentPostprocessing = 0;
		};
/* End PBXResourcesBuildPhase section */

/* Begin PBXSourcesBuildPhase section */
		AD8BB0D5220B7C3600D2C314 /* Sources */ = {
			isa = PBXSourcesBuildPhase;
			buildActionMask = 2147483647;
			files = (
				AD8BB0EB220B7C3600D2C314 /* GameViewController.m in Sources */,
				AD47E08A221478F2007A5C94 /* GameOver.m in Sources */,
				AD8BB0E1220B7C3600D2C314 /* AppDelegate.m in Sources */,
				AD8BB0E8220B7C3600D2C314 /* GameScene.m in Sources */,
				AD8BB0DE220B7C3600D2C314 /* main.m in Sources */,
			);
			runOnlyForDeploymentPostprocessing = 0;
		};
		AD8BB0F5220B7C3700D2C314 /* Sources */ = {
			isa = PBXSourcesBuildPhase;
			buildActionMask = 2147483647;
			files = (
				AD8BB0FE220B7C3700D2C314 /* _048Tests.m in Sources */,
			);
			runOnlyForDeploymentPostprocessing = 0;
		};
		AD8BB100220B7C3700D2C314 /* Sources */ = {
			isa = PBXSourcesBuildPhase;
			buildActionMask = 2147483647;
			files = (
				AD8BB109220B7C3700D2C314 /* _048UITests.m in Sources */,
			);
			runOnlyForDeploymentPostprocessing = 0;
		};
/* End PBXSourcesBuildPhase section */

/* Begin PBXTargetDependency section */
		AD8BB0FB220B7C3700D2C314 /* PBXTargetDependency */ = {
			isa = PBXTargetDependency;
			target = AD8BB0D8220B7C3600D2C314 /* 2048 */;
			targetProxy = AD8BB0FA220B7C3700D2C314 /* PBXContainerItemProxy */;
		};
		AD8BB106220B7C3700D2C314 /* PBXTargetDependency */ = {
			isa = PBXTargetDependency;
			target = AD8BB0D8220B7C3600D2C314 /* 2048 */;
			targetProxy = AD8BB105220B7C3700D2C314 /* PBXContainerItemProxy */;
		};
/* End PBXTargetDependency section */

/* Begin PBXVariantGroup section */
		AD8BB0EC220B7C3600D2C314 /* Main.storyboard */ = {
			isa = PBXVariantGroup;
			children = (
				AD8BB0ED220B7C3600D2C314 /* Base */,
			);
			name = Main.storyboard;
			sourceTree = "<group>";
		};
		AD8BB0F1220B7C3600D2C314 /* LaunchScreen.storyboard */ = {
			isa = PBXVariantGroup;
			children = (
				AD8BB0F2220B7C3600D2C314 /* Base */,
			);
			name = LaunchScreen.storyboard;
			sourceTree = "<group>";
		};
/* End PBXVariantGroup section */

/* Begin XCBuildConfiguration section */
		AD8BB10B220B7C3700D2C314 /* Debug */ = {
			isa = XCBuildConfiguration;
			buildSettings = {
				ALWAYS_SEARCH_USER_PATHS = NO;
				CLANG_ANALYZER_NONNULL = YES;
				CLANG_CXX_LANGUAGE_STANDARD = "gnu++0x";
				CLANG_CXX_LIBRARY = "libc++";
				CLANG_ENABLE_MODULES = YES;
				CLANG_ENABLE_OBJC_ARC = YES;
				CLANG_WARN_BOOL_CONVERSION = YES;
				CLANG_WARN_CONSTANT_CONVERSION = YES;
				CLANG_WARN_DIRECT_OBJC_ISA_USAGE = YES_ERROR;
				CLANG_WARN_DOCUMENTATION_COMMENTS = YES;
				CLANG_WARN_EMPTY_BODY = YES;
				CLANG_WARN_ENUM_CONVERSION = YES;
				CLANG_WARN_INFINITE_RECURSION = YES;
				CLANG_WARN_INT_CONVERSION = YES;
				CLANG_WARN_OBJC_ROOT_CLASS = YES_ERROR;
				CLANG_WARN_SUSPICIOUS_MOVE = YES;
				CLANG_WARN_UNREACHABLE_CODE = YES;
				CLANG_WARN__DUPLICATE_METHOD_MATCH = YES;
				"CODE_SIGN_IDENTITY[sdk=iphoneos*]" = "iPhone Developer";
				COPY_PHASE_STRIP = NO;
				DEBUG_INFORMATION_FORMAT = dwarf;
				ENABLE_STRICT_OBJC_MSGSEND = YES;
				ENABLE_TESTABILITY = YES;
				GCC_C_LANGUAGE_STANDARD = gnu99;
				GCC_DYNAMIC_NO_PIC = NO;
				GCC_NO_COMMON_BLOCKS = YES;
				GCC_OPTIMIZATION_LEVEL = 0;
				GCC_PREPROCESSOR_DEFINITIONS = (
					"DEBUG=1",
					"$(inherited)",
				);
				GCC_WARN_64_TO_32_BIT_CONVERSION = YES;
				GCC_WARN_ABOUT_RETURN_TYPE = YES_ERROR;
				GCC_WARN_UNDECLARED_SELECTOR = YES;
				GCC_WARN_UNINITIALIZED_AUTOS = YES_AGGRESSIVE;
				GCC_WARN_UNUSED_FUNCTION = YES;
				GCC_WARN_UNUSED_VARIABLE = YES;
				IPHONEOS_DEPLOYMENT_TARGET = 10.2;
				MTL_ENABLE_DEBUG_INFO = YES;
				ONLY_ACTIVE_ARCH = YES;
				SDKROOT = iphoneos;
				TARGETED_DEVICE_FAMILY = "1,2";
			};
			name = Debug;
		};
		AD8BB10C220B7C3700D2C314 /* Release */ = {
			isa = XCBuildConfiguration;
			buildSettings = {
				ALWAYS_SEARCH_USER_PATHS = NO;
				CLANG_ANALYZER_NONNULL = YES;
				CLANG_CXX_LANGUAGE_STANDARD = "gnu++0x";
				CLANG_CXX_LIBRARY = "libc++";
				CLANG_ENABLE_MODULES = YES;
				CLANG_ENABLE_OBJC_ARC = YES;
				CLANG_WARN_BOOL_CONVERSION = YES;
				CLANG_WARN_CONSTANT_CONVERSION = YES;
				CLANG_WARN_DIRECT_OBJC_ISA_USAGE = YES_ERROR;
				CLANG_WARN_DOCUMENTATION_COMMENTS = YES;
				CLANG_WARN_EMPTY_BODY = YES;
				CLANG_WARN_ENUM_CONVERSION = YES;
				CLANG_WARN_INFINITE_RECURSION = YES;
				CLANG_WARN_INT_CONVERSION = YES;
				CLANG_WARN_OBJC_ROOT_CLASS = YES_ERROR;
				CLANG_WARN_SUSPICIOUS_MOVE = YES;
				CLANG_WARN_UNREACHABLE_CODE = YES;
				CLANG_WARN__DUPLICATE_METHOD_MATCH = YES;
				"CODE_SIGN_IDENTITY[sdk=iphoneos*]" = "iPhone Developer";
				COPY_PHASE_STRIP = NO;
				DEBUG_INFORMATION_FORMAT = "dwarf-with-dsym";
				ENABLE_NS_ASSERTIONS = NO;
				ENABLE_STRICT_OBJC_MSGSEND = YES;
				GCC_C_LANGUAGE_STANDARD = gnu99;
				GCC_NO_COMMON_BLOCKS = YES;
				GCC_WARN_64_TO_32_BIT_CONVERSION = YES;
				GCC_WARN_ABOUT_RETURN_TYPE = YES_ERROR;
				GCC_WARN_UNDECLARED_SELECTOR = YES;
				GCC_WARN_UNINITIALIZED_AUTOS = YES_AGGRESSIVE;
				GCC_WARN_UNUSED_FUNCTION = YES;
				GCC_WARN_UNUSED_VARIABLE = YES;
				IPHONEOS_DEPLOYMENT_TARGET = 10.2;
				MTL_ENABLE_DEBUG_INFO = NO;
				SDKROOT = iphoneos;
				TARGETED_DEVICE_FAMILY = "1,2";
				VALIDATE_PRODUCT = YES;
			};
			name = Release;
		};
		AD8BB10E220B7C3700D2C314 /* Debug */ = {
			isa = XCBuildConfiguration;
			buildSettings = {
				ASSETCATALOG_COMPILER_APPICON_NAME = AppIcon;
				INFOPLIST_FILE = 2048/Info.plist;
				LD_RUNPATH_SEARCH_PATHS = "$(inherited) @executable_path/Frameworks";
				PRODUCT_BUNDLE_IDENTIFIER = "cs.binghamton.edu.-048";
				PRODUCT_NAME = "$(TARGET_NAME)";
			};
			name = Debug;
		};
		AD8BB10F220B7C3700D2C314 /* Release */ = {
			isa = XCBuildConfiguration;
			buildSettings = {
				ASSETCATALOG_COMPILER_APPICON_NAME = AppIcon;
				INFOPLIST_FILE = 2048/Info.plist;
				LD_RUNPATH_SEARCH_PATHS = "$(inherited) @executable_path/Frameworks";
				PRODUCT_BUNDLE_IDENTIFIER = "cs.binghamton.edu.-048";
				PRODUCT_NAME = "$(TARGET_NAME)";
			};
			name = Release;
		};
		AD8BB111220B7C3700D2C314 /* Debug */ = {
			isa = XCBuildConfiguration;
			buildSettings = {
				BUNDLE_LOADER = "$(TEST_HOST)";
				INFOPLIST_FILE = 2048Tests/Info.plist;
				LD_RUNPATH_SEARCH_PATHS = "$(inherited) @executable_path/Frameworks @loader_path/Frameworks";
				PRODUCT_BUNDLE_IDENTIFIER = "cs.binghamton.edu.-048Tests";
				PRODUCT_NAME = "$(TARGET_NAME)";
				TEST_HOST = "$(BUILT_PRODUCTS_DIR)/2048.app/2048";
			};
			name = Debug;
		};
		AD8BB112220B7C3700D2C314 /* Release */ = {
			isa = XCBuildConfiguration;
			buildSettings = {
				BUNDLE_LOADER = "$(TEST_HOST)";
				INFOPLIST_FILE = 2048Tests/Info.plist;
				LD_RUNPATH_SEARCH_PATHS = "$(inherited) @executable_path/Frameworks @loader_path/Frameworks";
				PRODUCT_BUNDLE_IDENTIFIER = "cs.binghamton.edu.-048Tests";
				PRODUCT_NAME = "$(TARGET_NAME)";
				TEST_HOST = "$(BUILT_PRODUCTS_DIR)/2048.app/2048";
			};
			name = Release;
		};
		AD8BB114220B7C3700D2C314 /* Debug */ = {
			isa = XCBuildConfiguration;
			buildSettings = {
				INFOPLIST_FILE = 2048UITests/Info.plist;
				LD_RUNPATH_SEARCH_PATHS = "$(inherited) @executable_path/Frameworks @loader_path/Frameworks";
				PRODUCT_BUNDLE_IDENTIFIER = "cs.binghamton.edu.-048UITests";
				PRODUCT_NAME = "$(TARGET_NAME)";
				TEST_TARGET_NAME = 2048;
			};
			name = Debug;
		};
		AD8BB115220B7C3700D2C314 /* Release */ = {
			isa = XCBuildConfiguration;
			buildSettings = {
				INFOPLIST_FILE = 2048UITests/Info.plist;
				LD_RUNPATH_SEARCH_PATHS = "$(inherited) @executable_path/Frameworks @loader_path/Frameworks";
				PRODUCT_BUNDLE_IDENTIFIER = "cs.binghamton.edu.-048UITests";
				PRODUCT_NAME = "$(TARGET_NAME)";
				TEST_TARGET_NAME = 2048;
			};
			name = Release;
		};
/* End XCBuildConfiguration section */

/* Begin XCConfigurationList section */
		AD8BB0D4220B7C3600D2C314 /* Build configuration list for PBXProject "2048" */ = {
			isa = XCConfigurationList;
			buildConfigurations = (
				AD8BB10B220B7C3700D2C314 /* Debug */,
				AD8BB10C220B7C3700D2C314 /* Release */,
			);
			defaultConfigurationIsVisible = 0;
			defaultConfigurationName = Release;
		};
		AD8BB10D220B7C3700D2C314 /* Build configuration list for PBXNativeTarget "2048" */ = {
			isa = XCConfigurationList;
			buildConfigurations = (
				AD8BB10E220B7C3700D2C314 /* Debug */,
				AD8BB10F220B7C3700D2C314 /* Release */,
			);
			defaultConfigurationIsVisible = 0;
			defaultConfigurationName = Release;
		};
		AD8BB110220B7C3700D2C314 /* Build configuration list for PBXNativeTarget "2048Tests" */ = {
			isa = XCConfigurationList;
			buildConfigurations = (
				AD8BB111220B7C3700D2C314 /* Debug */,
				AD8BB112220B7C3700D2C314 /* Release */,
			);
			defaultConfigurationIsVisible = 0;
			defaultConfigurationName = Release;
		};
		AD8BB113220B7C3700D2C314 /* Build configuration list for PBXNativeTarget "2048UITests" */ = {
			isa = XCConfigurationList;
			buildConfigurations = (
				AD8BB114220B7C3700D2C314 /* Debug */,
				AD8BB115220B7C3700D2C314 /* Release */,
			);
			defaultConfigurationIsVisible = 0;
			defaultConfigurationName = Release;
		};
/* End XCConfigurationList section */
	};
	rootObject = AD8BB0D1220B7C3600D2C314 /* Project object */;
}
